
Microsoft Visual Studio Solution File, Format Version 12.00
# Visual Studio Version 17
VisualStudioVersion = 17.8.34601.278
MinimumVisualStudioVersion = 10.0.40219.1
Project("{FAE04EC0-301F-11D3-BF4B-00C04F79EFBC}") = "UdemyCloneBackend", "UdemyCloneBackend\UdemyCloneBackend.csproj", "{6F79FEB8-5C49-4DC5-B6DA-354CD599EC54}"
EndProject
Global
	GlobalSection(SolutionConfigurationPlatforms) = preSolution
		Debug|Any CPU = Debug|Any CPU
		Release|Any CPU = Release|Any CPU
	EndGlobalSection
	GlobalSection(ProjectConfigurationPlatforms) = postSolution
		{6F79FEB8-5C49-4DC5-B6DA-354CD599EC54}.Debug|Any CPU.ActiveCfg = Debug|Any CPU
		{6F79FEB8-5C49-4DC5-B6DA-354CD599EC54}.Debug|Any CPU.Build.0 = Debug|Any CPU
		{6F79FEB8-5C49-4DC5-B6DA-354CD599EC54}.Release|Any CPU.ActiveCfg = Release|Any CPU
		{6F79FEB8-5C49-4DC5-B6DA-354CD599EC54}.Release|Any CPU.Build.0 = Release|Any CPU
	EndGlobalSection
	GlobalSection(SolutionProperties) = preSolution
		HideSolutionNode = FALSE
	EndGlobalSection
	GlobalSection(ExtensibilityGlobals) = postSolution
		SolutionGuid = {0B489677-5177-4450-BEE4-084406CB461A}
	EndGlobalSection
EndGlobal
