
Microsoft Visual Studio Solution File, Format Version 12.00
# Visual Studio Version 17
VisualStudioVersion = 17.8.34601.278
MinimumVisualStudioVersion = 10.0.40219.1
Project("{9A19103F-16F7-4668-BE54-9A1E7A4F7556}") = "Udemy.CU", "Udemy.CU\Udemy.CU.csproj", "{4AF75055-A2DA-429F-88E4-FA8C616E2E19}"
EndProject
Project("{9A19103F-16F7-4668-BE54-9A1E7A4F7556}") = "Udemy.Api", "Udemy.Api\Udemy.Api.csproj", "{7D2E8551-AD81-4E52-8786-511B3D5DBD2F}"
EndProject
Project("{9A19103F-16F7-4668-BE54-9A1E7A4F7556}") = "Udemy.BLL", "Udemy.BLL\Udemy.BLL.csproj", "{FFDD76BB-5C7E-492F-87EB-6316D96B2583}"
EndProject
Project("{9A19103F-16F7-4668-BE54-9A1E7A4F7556}") = "Udemy.DAL", "Udemy.DAL\Udemy.DAL.csproj", "{B19F6F65-8919-4434-BA13-72D6E6384D72}"
EndProject
Global
	GlobalSection(SolutionConfigurationPlatforms) = preSolution
		Debug|Any CPU = Debug|Any CPU
		Release|Any CPU = Release|Any CPU
	EndGlobalSection
	GlobalSection(ProjectConfigurationPlatforms) = postSolution
		{4AF75055-A2DA-429F-88E4-FA8C616E2E19}.Debug|Any CPU.ActiveCfg = Debug|Any CPU
		{4AF75055-A2DA-429F-88E4-FA8C616E2E19}.Debug|Any CPU.Build.0 = Debug|Any CPU
		{4AF75055-A2DA-429F-88E4-FA8C616E2E19}.Release|Any CPU.ActiveCfg = Release|Any CPU
		{4AF75055-A2DA-429F-88E4-FA8C616E2E19}.Release|Any CPU.Build.0 = Release|Any CPU
		{7D2E8551-AD81-4E52-8786-511B3D5DBD2F}.Debug|Any CPU.ActiveCfg = Debug|Any CPU
		{7D2E8551-AD81-4E52-8786-511B3D5DBD2F}.Debug|Any CPU.Build.0 = Debug|Any CPU
		{7D2E8551-AD81-4E52-8786-511B3D5DBD2F}.Release|Any CPU.ActiveCfg = Release|Any CPU
		{7D2E8551-AD81-4E52-8786-511B3D5DBD2F}.Release|Any CPU.Build.0 = Release|Any CPU
		{FFDD76BB-5C7E-492F-87EB-6316D96B2583}.Debug|Any CPU.ActiveCfg = Debug|Any CPU
		{FFDD76BB-5C7E-492F-87EB-6316D96B2583}.Debug|Any CPU.Build.0 = Debug|Any CPU
		{FFDD76BB-5C7E-492F-87EB-6316D96B2583}.Release|Any CPU.ActiveCfg = Release|Any CPU
		{FFDD76BB-5C7E-492F-87EB-6316D96B2583}.Release|Any CPU.Build.0 = Release|Any CPU
		{B19F6F65-8919-4434-BA13-72D6E6384D72}.Debug|Any CPU.ActiveCfg = Debug|Any CPU
		{B19F6F65-8919-4434-BA13-72D6E6384D72}.Debug|Any CPU.Build.0 = Debug|Any CPU
		{B19F6F65-8919-4434-BA13-72D6E6384D72}.Release|Any CPU.ActiveCfg = Release|Any CPU
		{B19F6F65-8919-4434-BA13-72D6E6384D72}.Release|Any CPU.Build.0 = Release|Any CPU
	EndGlobalSection
	GlobalSection(SolutionProperties) = preSolution
		HideSolutionNode = FALSE
	EndGlobalSection
	GlobalSection(ExtensibilityGlobals) = postSolution
		SolutionGuid = {0B489677-5177-4450-BEE4-084406CB461A}
	EndGlobalSection
EndGlobal
